
Microsoft Visual Studio Solution File, Format Version 12.00
# Visual Studio Version 17
VisualStudioVersion = 17.13.35825.156 d17.13
MinimumVisualStudioVersion = 10.0.40219.1
Project("{FAE04EC0-301F-11D3-BF4B-00C04F79EFBC}") = "ZadanieBKol", "ZadanieBKol.csproj", "{487B3DFB-C28E-4904-999B-0FBF096873C5}"
EndProject
Global
	GlobalSection(SolutionConfigurationPlatforms) = preSolution
		Debug|Any CPU = Debug|Any CPU
		Release|Any CPU = Release|Any CPU
	EndGlobalSection
	GlobalSection(ProjectConfigurationPlatforms) = postSolution
		{487B3DFB-C28E-4904-999B-0FBF096873C5}.Debug|Any CPU.ActiveCfg = Debug|Any CPU
		{487B3DFB-C28E-4904-999B-0FBF096873C5}.Debug|Any CPU.Build.0 = Debug|Any CPU
		{487B3DFB-C28E-4904-999B-0FBF096873C5}.Release|Any CPU.ActiveCfg = Release|Any CPU
		{487B3DFB-C28E-4904-999B-0FBF096873C5}.Release|Any CPU.Build.0 = Release|Any CPU
	EndGlobalSection
	GlobalSection(SolutionProperties) = preSolution
		HideSolutionNode = FALSE
	EndGlobalSection
	GlobalSection(ExtensibilityGlobals) = postSolution
		SolutionGuid = {2F4B1796-3917-475E-BB18-AB64C2F80743}
	EndGlobalSection
EndGlobal
