
Microsoft Visual Studio Solution File, Format Version 12.00
# Visual Studio Version 17
VisualStudioVersion = 17.13.35825.156 d17.13
MinimumVisualStudioVersion = 10.0.40219.1
Project("{FAE04EC0-301F-11D3-BF4B-00C04F79EFBC}") = "KolZadaniA", "KolZadaniA.csproj", "{80918CD9-DA08-437E-A235-29764AB92D94}"
EndProject
Global
	GlobalSection(SolutionConfigurationPlatforms) = preSolution
		Debug|Any CPU = Debug|Any CPU
		Release|Any CPU = Release|Any CPU
	EndGlobalSection
	GlobalSection(ProjectConfigurationPlatforms) = postSolution
		{80918CD9-DA08-437E-A235-29764AB92D94}.Debug|Any CPU.ActiveCfg = Debug|Any CPU
		{80918CD9-DA08-437E-A235-29764AB92D94}.Debug|Any CPU.Build.0 = Debug|Any CPU
		{80918CD9-DA08-437E-A235-29764AB92D94}.Release|Any CPU.ActiveCfg = Release|Any CPU
		{80918CD9-DA08-437E-A235-29764AB92D94}.Release|Any CPU.Build.0 = Release|Any CPU
	EndGlobalSection
	GlobalSection(SolutionProperties) = preSolution
		HideSolutionNode = FALSE
	EndGlobalSection
	GlobalSection(ExtensibilityGlobals) = postSolution
		SolutionGuid = {B3D0F664-6A37-4CF3-8D98-A99A3223B3E0}
	EndGlobalSection
EndGlobal
